// !$*UTF8*$!
{
	archiveVersion = 1;
	classes = {
	};
	objectVersion = 46;
	objects = {

/* Begin PBXBuildFile section */
		7C10FEA5165993C0003F656A /* egg.png in Resources */ = {isa = PBXBuildFile; fileRef = 7C10FEA4165993C0003F656A /* egg.png */; };
		7C7AE8F316674832002466A3 /* cpp.dylib in Frameworks */ = {isa = PBXBuildFile; fileRef = 7C7AE8F216674832002466A3 /* cpp.dylib */; };
		7CBDAAF8165AADFC00E009E5 /* dog.png in Resources */ = {isa = PBXBuildFile; fileRef = 7CBDAAF2165AADFC00E009E5 /* dog.png */; };
		7CBDAAF9165AADFC00E009E5 /* face.png in Resources */ = {isa = PBXBuildFile; fileRef = 7CBDAAF3165AADFC00E009E5 /* face.png */; };
		7CBDAAFA165AADFC00E009E5 /* heart.png in Resources */ = {isa = PBXBuildFile; fileRef = 7CBDAAF4165AADFC00E009E5 /* heart.png */; };
		7CBDAAFB165AADFC00E009E5 /* star.png in Resources */ = {isa = PBXBuildFile; fileRef = 7CBDAAF5165AADFC00E009E5 /* star.png */; };
		7CBDAAFC165AADFC00E009E5 /* wheel_h.png in Resources */ = {isa = PBXBuildFile; fileRef = 7CBDAAF6165AADFC00E009E5 /* wheel_h.png */; };
		7CBDAAFD165AADFC00E009E5 /* wheel_v.png in Resources */ = {isa = PBXBuildFile; fileRef = 7CBDAAF7165AADFC00E009E5 /* wheel_v.png */; };
		7CBDAB61165D0AAF00E009E5 /* ghandi.png in Resources */ = {isa = PBXBuildFile; fileRef = 7CBDAB60165D0AAE00E009E5 /* ghandi.png */; };
		7CBDAB62165D0AAF00E009E5 /* ghandi.png in Resources */ = {isa = PBXBuildFile; fileRef = 7CBDAB60165D0AAE00E009E5 /* ghandi.png */; };
		7CBDAB64165D0B7B00E009E5 /* pbs.png in Resources */ = {isa = PBXBuildFile; fileRef = 7CBDAB63165D0B7A00E009E5 /* pbs.png */; };
		7CBDAB65165D0B7B00E009E5 /* pbs.png in Resources */ = {isa = PBXBuildFile; fileRef = 7CBDAB63165D0B7A00E009E5 /* pbs.png */; };
		7CF28B061662B45C00F35815 /* quarter_red.png in Resources */ = {isa = PBXBuildFile; fileRef = 7CF28B051662B45C00F35815 /* quarter_red.png */; };
		7CF50B9E165D539A007E4B70 /* swift.png in Resources */ = {isa = PBXBuildFile; fileRef = 7CF50B9D165D539A007E4B70 /* swift.png */; };
		7CF53CC41646658B00A218BE /* Cocoa.framework in Frameworks */ = {isa = PBXBuildFile; fileRef = 7CF53CC31646658B00A218BE /* Cocoa.framework */; };
		7CF53CCE1646658B00A218BE /* InfoPlist.strings in Resources */ = {isa = PBXBuildFile; fileRef = 7CF53CCC1646658B00A218BE /* InfoPlist.strings */; };
		7CF53CD01646658B00A218BE /* main.mm in Sources */ = {isa = PBXBuildFile; fileRef = 7CF53CCF1646658B00A218BE /* main.mm */; };
		7CF53CD41646658B00A218BE /* Credits.rtf in Resources */ = {isa = PBXBuildFile; fileRef = 7CF53CD21646658B00A218BE /* Credits.rtf */; };
		7CF53CD71646658B00A218BE /* AppDelegate.mm in Sources */ = {isa = PBXBuildFile; fileRef = 7CF53CD61646658B00A218BE /* AppDelegate.mm */; };
		7CF53CDA1646658B00A218BE /* MainMenu.xib in Resources */ = {isa = PBXBuildFile; fileRef = 7CF53CD81646658B00A218BE /* MainMenu.xib */; };
		7CF53CE21646658B00A218BE /* SenTestingKit.framework in Frameworks */ = {isa = PBXBuildFile; fileRef = 7CF53CE11646658B00A218BE /* SenTestingKit.framework */; };
		7CF53CE31646658B00A218BE /* Cocoa.framework in Frameworks */ = {isa = PBXBuildFile; fileRef = 7CF53CC31646658B00A218BE /* Cocoa.framework */; };
		7CF53CEB1646658B00A218BE /* InfoPlist.strings in Resources */ = {isa = PBXBuildFile; fileRef = 7CF53CE91646658B00A218BE /* InfoPlist.strings */; };
		7CF53CEE1646658B00A218BE /* osx_clientTests.mm in Sources */ = {isa = PBXBuildFile; fileRef = 7CF53CED1646658B00A218BE /* osx_clientTests.mm */; };
		7CF53D0F16467CA000A218BE /* MainView.mm in Sources */ = {isa = PBXBuildFile; fileRef = 7CF53D0E16467CA000A218BE /* MainView.mm */; };
/* End PBXBuildFile section */

/* Begin PBXContainerItemProxy section */
		7CF53CE41646658B00A218BE /* PBXContainerItemProxy */ = {
			isa = PBXContainerItemProxy;
			containerPortal = 7CF53CB61646658B00A218BE /* Project object */;
			proxyType = 1;
			remoteGlobalIDString = 7CF53CBE1646658B00A218BE;
			remoteInfo = osx_client;
		};
/* End PBXContainerItemProxy section */

/* Begin PBXFileReference section */
		7C10FEA4165993C0003F656A /* egg.png */ = {isa = PBXFileReference; lastKnownFileType = image.png; path = egg.png; sourceTree = "<group>"; };
		7C7AE8F216674832002466A3 /* cpp.dylib */ = {isa = PBXFileReference; lastKnownFileType = "compiled.mach-o.dylib"; name = cpp.dylib; path = "../../Library/Developer/Xcode/DerivedData/cpp-beprpvhyjzvoyhauhrmgyhzgdqbk/Build/Products/Debug/cpp.dylib"; sourceTree = "<group>"; };
		7CBDAAF2165AADFC00E009E5 /* dog.png */ = {isa = PBXFileReference; lastKnownFileType = image.png; path = dog.png; sourceTree = "<group>"; };
		7CBDAAF3165AADFC00E009E5 /* face.png */ = {isa = PBXFileReference; lastKnownFileType = image.png; path = face.png; sourceTree = "<group>"; };
		7CBDAAF4165AADFC00E009E5 /* heart.png */ = {isa = PBXFileReference; lastKnownFileType = image.png; path = heart.png; sourceTree = "<group>"; };
		7CBDAAF5165AADFC00E009E5 /* star.png */ = {isa = PBXFileReference; lastKnownFileType = image.png; path = star.png; sourceTree = "<group>"; };
		7CBDAAF6165AADFC00E009E5 /* wheel_h.png */ = {isa = PBXFileReference; lastKnownFileType = image.png; path = wheel_h.png; sourceTree = "<group>"; };
		7CBDAAF7165AADFC00E009E5 /* wheel_v.png */ = {isa = PBXFileReference; lastKnownFileType = image.png; path = wheel_v.png; sourceTree = "<group>"; };
		7CBDAB60165D0AAE00E009E5 /* ghandi.png */ = {isa = PBXFileReference; lastKnownFileType = image.png; path = ghandi.png; sourceTree = "<group>"; };
		7CBDAB63165D0B7A00E009E5 /* pbs.png */ = {isa = PBXFileReference; lastKnownFileType = image.png; path = pbs.png; sourceTree = "<group>"; };
		7CF28B051662B45C00F35815 /* quarter_red.png */ = {isa = PBXFileReference; lastKnownFileType = image.png; name = quarter_red.png; path = ../static/f/templates/quarter_red.png; sourceTree = "<group>"; };
		7CF50B9D165D539A007E4B70 /* swift.png */ = {isa = PBXFileReference; lastKnownFileType = image.png; path = swift.png; sourceTree = "<group>"; };
		7CF53CBF1646658B00A218BE /* osx_client.app */ = {isa = PBXFileReference; explicitFileType = wrapper.application; includeInIndex = 0; path = osx_client.app; sourceTree = BUILT_PRODUCTS_DIR; };
		7CF53CC31646658B00A218BE /* Cocoa.framework */ = {isa = PBXFileReference; lastKnownFileType = wrapper.framework; name = Cocoa.framework; path = System/Library/Frameworks/Cocoa.framework; sourceTree = SDKROOT; };
		7CF53CC61646658B00A218BE /* AppKit.framework */ = {isa = PBXFileReference; lastKnownFileType = wrapper.framework; name = AppKit.framework; path = System/Library/Frameworks/AppKit.framework; sourceTree = SDKROOT; };
		7CF53CC71646658B00A218BE /* CoreData.framework */ = {isa = PBXFileReference; lastKnownFileType = wrapper.framework; name = CoreData.framework; path = System/Library/Frameworks/CoreData.framework; sourceTree = SDKROOT; };
		7CF53CC81646658B00A218BE /* Foundation.framework */ = {isa = PBXFileReference; lastKnownFileType = wrapper.framework; name = Foundation.framework; path = System/Library/Frameworks/Foundation.framework; sourceTree = SDKROOT; };
		7CF53CCB1646658B00A218BE /* osx_client-Info.plist */ = {isa = PBXFileReference; lastKnownFileType = text.plist.xml; path = "osx_client-Info.plist"; sourceTree = "<group>"; };
		7CF53CCD1646658B00A218BE /* en */ = {isa = PBXFileReference; lastKnownFileType = text.plist.strings; name = en; path = en.lproj/InfoPlist.strings; sourceTree = "<group>"; };
		7CF53CCF1646658B00A218BE /* main.mm */ = {isa = PBXFileReference; lastKnownFileType = sourcecode.cpp.objcpp; path = main.mm; sourceTree = "<group>"; };
		7CF53CD11646658B00A218BE /* osx_client-Prefix.pch */ = {isa = PBXFileReference; lastKnownFileType = sourcecode.c.h; path = "osx_client-Prefix.pch"; sourceTree = "<group>"; };
		7CF53CD31646658B00A218BE /* en */ = {isa = PBXFileReference; lastKnownFileType = text.rtf; name = en; path = en.lproj/Credits.rtf; sourceTree = "<group>"; };
		7CF53CD51646658B00A218BE /* AppDelegate.h */ = {isa = PBXFileReference; lastKnownFileType = sourcecode.c.h; path = AppDelegate.h; sourceTree = "<group>"; };
		7CF53CD61646658B00A218BE /* AppDelegate.mm */ = {isa = PBXFileReference; lastKnownFileType = sourcecode.cpp.objcpp; path = AppDelegate.mm; sourceTree = "<group>"; };
		7CF53CD91646658B00A218BE /* en */ = {isa = PBXFileReference; lastKnownFileType = file.xib; name = en; path = en.lproj/MainMenu.xib; sourceTree = "<group>"; };
		7CF53CE01646658B00A218BE /* osx_clientTests.octest */ = {isa = PBXFileReference; explicitFileType = wrapper.cfbundle; includeInIndex = 0; path = osx_clientTests.octest; sourceTree = BUILT_PRODUCTS_DIR; };
		7CF53CE11646658B00A218BE /* SenTestingKit.framework */ = {isa = PBXFileReference; lastKnownFileType = wrapper.framework; name = SenTestingKit.framework; path = Library/Frameworks/SenTestingKit.framework; sourceTree = DEVELOPER_DIR; };
		7CF53CE81646658B00A218BE /* osx_clientTests-Info.plist */ = {isa = PBXFileReference; lastKnownFileType = text.plist.xml; path = "osx_clientTests-Info.plist"; sourceTree = "<group>"; };
		7CF53CEA1646658B00A218BE /* en */ = {isa = PBXFileReference; lastKnownFileType = text.plist.strings; name = en; path = en.lproj/InfoPlist.strings; sourceTree = "<group>"; };
		7CF53CEC1646658B00A218BE /* osx_clientTests.h */ = {isa = PBXFileReference; lastKnownFileType = sourcecode.c.h; path = osx_clientTests.h; sourceTree = "<group>"; };
		7CF53CED1646658B00A218BE /* osx_clientTests.mm */ = {isa = PBXFileReference; lastKnownFileType = sourcecode.cpp.objcpp; path = osx_clientTests.mm; sourceTree = "<group>"; };
		7CF53D0D16467CA000A218BE /* MainView.h */ = {isa = PBXFileReference; fileEncoding = 4; lastKnownFileType = sourcecode.c.h; path = MainView.h; sourceTree = "<group>"; };
		7CF53D0E16467CA000A218BE /* MainView.mm */ = {isa = PBXFileReference; fileEncoding = 4; lastKnownFileType = sourcecode.cpp.objcpp; path = MainView.mm; sourceTree = "<group>"; };
/* End PBXFileReference section */

/* Begin PBXFrameworksBuildPhase section */
		7CF53CBC1646658B00A218BE /* Frameworks */ = {
			isa = PBXFrameworksBuildPhase;
			buildActionMask = 2147483647;
			files = (
				7C7AE8F316674832002466A3 /* cpp.dylib in Frameworks */,
				7CF53CC41646658B00A218BE /* Cocoa.framework in Frameworks */,
			);
			runOnlyForDeploymentPostprocessing = 0;
		};
		7CF53CDC1646658B00A218BE /* Frameworks */ = {
			isa = PBXFrameworksBuildPhase;
			buildActionMask = 2147483647;
			files = (
				7CF53CE21646658B00A218BE /* SenTestingKit.framework in Frameworks */,
				7CF53CE31646658B00A218BE /* Cocoa.framework in Frameworks */,
			);
			runOnlyForDeploymentPostprocessing = 0;
		};
/* End PBXFrameworksBuildPhase section */

/* Begin PBXGroup section */
		7C10FEA31659939A003F656A /* Resources */ = {
			isa = PBXGroup;
			children = (
				7CF28B051662B45C00F35815 /* quarter_red.png */,
				7CF50B9D165D539A007E4B70 /* swift.png */,
				7CBDAB63165D0B7A00E009E5 /* pbs.png */,
				7CBDAB60165D0AAE00E009E5 /* ghandi.png */,
				7CBDAAF2165AADFC00E009E5 /* dog.png */,
				7CBDAAF3165AADFC00E009E5 /* face.png */,
				7CBDAAF4165AADFC00E009E5 /* heart.png */,
				7CBDAAF5165AADFC00E009E5 /* star.png */,
				7CBDAAF6165AADFC00E009E5 /* wheel_h.png */,
				7CBDAAF7165AADFC00E009E5 /* wheel_v.png */,
				7C10FEA4165993C0003F656A /* egg.png */,
			);
			name = Resources;
			sourceTree = "<group>";
		};
		7CF53CB41646658B00A218BE = {
			isa = PBXGroup;
			children = (
				7C7AE8F216674832002466A3 /* cpp.dylib */,
				7C10FEA31659939A003F656A /* Resources */,
				7CF53CC91646658B00A218BE /* osx_client */,
				7CF53CE61646658B00A218BE /* osx_clientTests */,
				7CF53CC21646658B00A218BE /* Frameworks */,
				7CF53CC01646658B00A218BE /* Products */,
			);
			sourceTree = "<group>";
		};
		7CF53CC01646658B00A218BE /* Products */ = {
			isa = PBXGroup;
			children = (
				7CF53CBF1646658B00A218BE /* osx_client.app */,
				7CF53CE01646658B00A218BE /* osx_clientTests.octest */,
			);
			name = Products;
			sourceTree = "<group>";
		};
		7CF53CC21646658B00A218BE /* Frameworks */ = {
			isa = PBXGroup;
			children = (
				7CF53CC31646658B00A218BE /* Cocoa.framework */,
				7CF53CE11646658B00A218BE /* SenTestingKit.framework */,
				7CF53CC51646658B00A218BE /* Other Frameworks */,
			);
			name = Frameworks;
			sourceTree = "<group>";
		};
		7CF53CC51646658B00A218BE /* Other Frameworks */ = {
			isa = PBXGroup;
			children = (
				7CF53CC61646658B00A218BE /* AppKit.framework */,
				7CF53CC71646658B00A218BE /* CoreData.framework */,
				7CF53CC81646658B00A218BE /* Foundation.framework */,
			);
			name = "Other Frameworks";
			sourceTree = "<group>";
		};
		7CF53CC91646658B00A218BE /* osx_client */ = {
			isa = PBXGroup;
			children = (
				7CF53CD51646658B00A218BE /* AppDelegate.h */,
				7CF53CD61646658B00A218BE /* AppDelegate.mm */,
				7CF53CD81646658B00A218BE /* MainMenu.xib */,
				7CF53D0D16467CA000A218BE /* MainView.h */,
				7CF53D0E16467CA000A218BE /* MainView.mm */,
				7CF53CCA1646658B00A218BE /* Supporting Files */,
			);
			path = osx_client;
			sourceTree = "<group>";
		};
		7CF53CCA1646658B00A218BE /* Supporting Files */ = {
			isa = PBXGroup;
			children = (
				7CF53CCB1646658B00A218BE /* osx_client-Info.plist */,
				7CF53CCC1646658B00A218BE /* InfoPlist.strings */,
				7CF53CCF1646658B00A218BE /* main.mm */,
				7CF53CD11646658B00A218BE /* osx_client-Prefix.pch */,
				7CF53CD21646658B00A218BE /* Credits.rtf */,
			);
			name = "Supporting Files";
			sourceTree = "<group>";
		};
		7CF53CE61646658B00A218BE /* osx_clientTests */ = {
			isa = PBXGroup;
			children = (
				7CF53CEC1646658B00A218BE /* osx_clientTests.h */,
				7CF53CED1646658B00A218BE /* osx_clientTests.mm */,
				7CF53CE71646658B00A218BE /* Supporting Files */,
			);
			name = osx_clientTests;
			path = osx_clientTest;
			sourceTree = "<group>";
		};
		7CF53CE71646658B00A218BE /* Supporting Files */ = {
			isa = PBXGroup;
			children = (
				7CF53CE81646658B00A218BE /* osx_clientTests-Info.plist */,
				7CF53CE91646658B00A218BE /* InfoPlist.strings */,
			);
			name = "Supporting Files";
			sourceTree = "<group>";
		};
/* End PBXGroup section */

/* Begin PBXNativeTarget section */
		7CF53CBE1646658B00A218BE /* osx_client */ = {
			isa = PBXNativeTarget;
			buildConfigurationList = 7CF53CF11646658B00A218BE /* Build configuration list for PBXNativeTarget "osx_client" */;
			buildPhases = (
				7CF53CBB1646658B00A218BE /* Sources */,
				7CF53CBC1646658B00A218BE /* Frameworks */,
				7CF53CBD1646658B00A218BE /* Resources */,
			);
			buildRules = (
			);
			dependencies = (
			);
			name = osx_client;
			productName = osx_client;
			productReference = 7CF53CBF1646658B00A218BE /* osx_client.app */;
			productType = "com.apple.product-type.application";
		};
		7CF53CDF1646658B00A218BE /* osx_clientTests */ = {
			isa = PBXNativeTarget;
			buildConfigurationList = 7CF53CF41646658B00A218BE /* Build configuration list for PBXNativeTarget "osx_clientTests" */;
			buildPhases = (
				7CF53CDB1646658B00A218BE /* Sources */,
				7CF53CDC1646658B00A218BE /* Frameworks */,
				7CF53CDD1646658B00A218BE /* Resources */,
				7CF53CDE1646658B00A218BE /* ShellScript */,
			);
			buildRules = (
			);
			dependencies = (
				7CF53CE51646658B00A218BE /* PBXTargetDependency */,
			);
			name = osx_clientTests;
			productName = osx_clientTests;
			productReference = 7CF53CE01646658B00A218BE /* osx_clientTests.octest */;
			productType = "com.apple.product-type.bundle";
		};
/* End PBXNativeTarget section */

/* Begin PBXProject section */
		7CF53CB61646658B00A218BE /* Project object */ = {
			isa = PBXProject;
			attributes = {
				LastUpgradeCheck = 0450;
				ORGANIZATIONNAME = "Xiyang Chen";
			};
			buildConfigurationList = 7CF53CB91646658B00A218BE /* Build configuration list for PBXProject "osx_client" */;
			compatibilityVersion = "Xcode 3.2";
			developmentRegion = English;
			hasScannedForEncodings = 0;
			knownRegions = (
				en,
			);
			mainGroup = 7CF53CB41646658B00A218BE;
			productRefGroup = 7CF53CC01646658B00A218BE /* Products */;
			projectDirPath = "";
			projectRoot = "";
			targets = (
				7CF53CBE1646658B00A218BE /* osx_client */,
				7CF53CDF1646658B00A218BE /* osx_clientTests */,
			);
		};
/* End PBXProject section */

/* Begin PBXResourcesBuildPhase section */
		7CF53CBD1646658B00A218BE /* Resources */ = {
			isa = PBXResourcesBuildPhase;
			buildActionMask = 2147483647;
			files = (
				7CF53CCE1646658B00A218BE /* InfoPlist.strings in Resources */,
				7CF53CD41646658B00A218BE /* Credits.rtf in Resources */,
				7CF53CDA1646658B00A218BE /* MainMenu.xib in Resources */,
				7C10FEA5165993C0003F656A /* egg.png in Resources */,
				7CBDAAF8165AADFC00E009E5 /* dog.png in Resources */,
				7CBDAAF9165AADFC00E009E5 /* face.png in Resources */,
				7CBDAAFA165AADFC00E009E5 /* heart.png in Resources */,
				7CBDAAFB165AADFC00E009E5 /* star.png in Resources */,
				7CBDAAFC165AADFC00E009E5 /* wheel_h.png in Resources */,
				7CBDAAFD165AADFC00E009E5 /* wheel_v.png in Resources */,
				7CBDAB61165D0AAF00E009E5 /* ghandi.png in Resources */,
				7CBDAB64165D0B7B00E009E5 /* pbs.png in Resources */,
				7CF50B9E165D539A007E4B70 /* swift.png in Resources */,
				7CF28B061662B45C00F35815 /* quarter_red.png in Resources */,
			);
			runOnlyForDeploymentPostprocessing = 0;
		};
		7CF53CDD1646658B00A218BE /* Resources */ = {
			isa = PBXResourcesBuildPhase;
			buildActionMask = 2147483647;
			files = (
				7CF53CEB1646658B00A218BE /* InfoPlist.strings in Resources */,
				7CBDAB62165D0AAF00E009E5 /* ghandi.png in Resources */,
				7CBDAB65165D0B7B00E009E5 /* pbs.png in Resources */,
			);
			runOnlyForDeploymentPostprocessing = 0;
		};
/* End PBXResourcesBuildPhase section */

/* Begin PBXShellScriptBuildPhase section */
		7CF53CDE1646658B00A218BE /* ShellScript */ = {
			isa = PBXShellScriptBuildPhase;
			buildActionMask = 2147483647;
			files = (
			);
			inputPaths = (
			);
			outputPaths = (
			);
			runOnlyForDeploymentPostprocessing = 0;
			shellPath = /bin/sh;
			shellScript = "# Run the unit tests in this test bundle.\n\"${SYSTEM_DEVELOPER_DIR}/Tools/RunUnitTests\"\n";
		};
/* End PBXShellScriptBuildPhase section */

/* Begin PBXSourcesBuildPhase section */
		7CF53CBB1646658B00A218BE /* Sources */ = {
			isa = PBXSourcesBuildPhase;
			buildActionMask = 2147483647;
			files = (
				7CF53CD01646658B00A218BE /* main.mm in Sources */,
				7CF53CD71646658B00A218BE /* AppDelegate.mm in Sources */,
				7CF53D0F16467CA000A218BE /* MainView.mm in Sources */,
			);
			runOnlyForDeploymentPostprocessing = 0;
		};
		7CF53CDB1646658B00A218BE /* Sources */ = {
			isa = PBXSourcesBuildPhase;
			buildActionMask = 2147483647;
			files = (
				7CF53CEE1646658B00A218BE /* osx_clientTests.mm in Sources */,
			);
			runOnlyForDeploymentPostprocessing = 0;
		};
/* End PBXSourcesBuildPhase section */

/* Begin PBXTargetDependency section */
		7CF53CE51646658B00A218BE /* PBXTargetDependency */ = {
			isa = PBXTargetDependency;
			target = 7CF53CBE1646658B00A218BE /* osx_client */;
			targetProxy = 7CF53CE41646658B00A218BE /* PBXContainerItemProxy */;
		};
/* End PBXTargetDependency section */

/* Begin PBXVariantGroup section */
		7CF53CCC1646658B00A218BE /* InfoPlist.strings */ = {
			isa = PBXVariantGroup;
			children = (
				7CF53CCD1646658B00A218BE /* en */,
			);
			name = InfoPlist.strings;
			sourceTree = "<group>";
		};
		7CF53CD21646658B00A218BE /* Credits.rtf */ = {
			isa = PBXVariantGroup;
			children = (
				7CF53CD31646658B00A218BE /* en */,
			);
			name = Credits.rtf;
			sourceTree = "<group>";
		};
		7CF53CD81646658B00A218BE /* MainMenu.xib */ = {
			isa = PBXVariantGroup;
			children = (
				7CF53CD91646658B00A218BE /* en */,
			);
			name = MainMenu.xib;
			sourceTree = "<group>";
		};
		7CF53CE91646658B00A218BE /* InfoPlist.strings */ = {
			isa = PBXVariantGroup;
			children = (
				7CF53CEA1646658B00A218BE /* en */,
			);
			name = InfoPlist.strings;
			sourceTree = "<group>";
		};
/* End PBXVariantGroup section */

/* Begin XCBuildConfiguration section */
		7CF53CEF1646658B00A218BE /* Debug */ = {
			isa = XCBuildConfiguration;
			buildSettings = {
				ALWAYS_SEARCH_USER_PATHS = NO;
				ARCHS = "$(ARCHS_STANDARD_64_BIT)";
				CLANG_CXX_LANGUAGE_STANDARD = "gnu++0x";
				CLANG_CXX_LIBRARY = "libstdc++";
				CLANG_ENABLE_OBJC_ARC = YES;
				CLANG_WARN_EMPTY_BODY = YES;
				CLANG_WARN__DUPLICATE_METHOD_MATCH = YES;
				COPY_PHASE_STRIP = NO;
				DEBUG_INFORMATION_FORMAT = dwarf;
				GCC_C_LANGUAGE_STANDARD = gnu99;
				GCC_DYNAMIC_NO_PIC = NO;
				GCC_ENABLE_OBJC_EXCEPTIONS = YES;
				GCC_OPTIMIZATION_LEVEL = s;
				GCC_PREPROCESSOR_DEFINITIONS = (
					"DEBUG=1",
					"$(inherited)",
				);
				GCC_SYMBOLS_PRIVATE_EXTERN = NO;
				GCC_VERSION = com.apple.compilers.llvmgcc42;
				GCC_WARN_64_TO_32_BIT_CONVERSION = YES;
				GCC_WARN_ABOUT_RETURN_TYPE = YES;
				GCC_WARN_UNINITIALIZED_AUTOS = YES;
				GCC_WARN_UNUSED_VARIABLE = YES;
				MACOSX_DEPLOYMENT_TARGET = 10.8;
				ONLY_ACTIVE_ARCH = YES;
				SDKROOT = macosx;
			};
			name = Debug;
		};
		7CF53CF01646658B00A218BE /* Release */ = {
			isa = XCBuildConfiguration;
			buildSettings = {
				ALWAYS_SEARCH_USER_PATHS = NO;
				ARCHS = "$(ARCHS_STANDARD_64_BIT)";
				CLANG_CXX_LANGUAGE_STANDARD = "gnu++0x";
				CLANG_CXX_LIBRARY = "libstdc++";
				CLANG_ENABLE_OBJC_ARC = YES;
				CLANG_WARN_EMPTY_BODY = YES;
				CLANG_WARN__DUPLICATE_METHOD_MATCH = YES;
				COPY_PHASE_STRIP = YES;
				DEBUG_INFORMATION_FORMAT = "dwarf-with-dsym";
				GCC_C_LANGUAGE_STANDARD = gnu99;
				GCC_ENABLE_OBJC_EXCEPTIONS = YES;
				GCC_VERSION = com.apple.compilers.llvmgcc42;
				GCC_WARN_64_TO_32_BIT_CONVERSION = YES;
				GCC_WARN_ABOUT_RETURN_TYPE = YES;
				GCC_WARN_UNINITIALIZED_AUTOS = YES;
				GCC_WARN_UNUSED_VARIABLE = YES;
				MACOSX_DEPLOYMENT_TARGET = 10.8;
				SDKROOT = macosx;
			};
			name = Release;
		};
		7CF53CF21646658B00A218BE /* Debug */ = {
			isa = XCBuildConfiguration;
			buildSettings = {
				CLANG_CXX_LANGUAGE_STANDARD = "gnu++0x";
				CLANG_CXX_LIBRARY = "libstdc++";
				COMBINE_HIDPI_IMAGES = YES;
				GCC_INLINES_ARE_PRIVATE_EXTERN = YES;
				GCC_OPTIMIZATION_LEVEL = s;
				GCC_PRECOMPILE_PREFIX_HEADER = YES;
				GCC_PREFIX_HEADER = "osx_client/osx_client-Prefix.pch";
				GCC_VERSION = com.apple.compilers.llvmgcc42;
				INFOPLIST_FILE = "$(SRCROOT)/osx_client/osx_client-Info.plist";
				LIBRARY_SEARCH_PATHS = (
					"$(inherited)",
					"\"$(SRCROOT)/../../Library/Developer/Xcode/DerivedData/cpp-beprpvhyjzvoyhauhrmgyhzgdqbk/Build/Products/Debug\"",
				);
				"LIBRARY_SEARCH_PATHS[arch=*]" = "";
				LLVM_LTO = YES;
				PRODUCT_NAME = osx_client;
				WRAPPER_EXTENSION = app;
			};
			name = Debug;
		};
		7CF53CF31646658B00A218BE /* Release */ = {
			isa = XCBuildConfiguration;
			buildSettings = {
				CLANG_CXX_LANGUAGE_STANDARD = "gnu++0x";
				CLANG_CXX_LIBRARY = "libstdc++";
				COMBINE_HIDPI_IMAGES = YES;
				GCC_INLINES_ARE_PRIVATE_EXTERN = YES;
				GCC_PRECOMPILE_PREFIX_HEADER = YES;
				GCC_PREFIX_HEADER = "osx_client/osx_client-Prefix.pch";
				GCC_VERSION = com.apple.compilers.llvmgcc42;
				INFOPLIST_FILE = "$(SRCROOT)/osx_client/osx_client-Info.plist";
				LIBRARY_SEARCH_PATHS = (
					"$(inherited)",
					"\"$(SRCROOT)/../../Library/Developer/Xcode/DerivedData/cpp-beprpvhyjzvoyhauhrmgyhzgdqbk/Build/Products/Debug\"",
				);
				LLVM_LTO = YES;
				PRODUCT_NAME = osx_client;
				WRAPPER_EXTENSION = app;
			};
			name = Release;
		};
		7CF53CF51646658B00A218BE /* Debug */ = {
			isa = XCBuildConfiguration;
			buildSettings = {
				BUNDLE_LOADER = "$(BUILT_PRODUCTS_DIR)/osx_client.app/Contents/MacOS/osx_client";
				COMBINE_HIDPI_IMAGES = YES;
				FRAMEWORK_SEARCH_PATHS = "\"$(DEVELOPER_LIBRARY_DIR)/Frameworks\"";
				GCC_PRECOMPILE_PREFIX_HEADER = YES;
				GCC_PREFIX_HEADER = "osx_client/osx_client-Prefix.pch";
				INFOPLIST_FILE = "osx_clientTests/osx_clientTests-Info.plist";
				PRODUCT_NAME = osx_clientTests;
				TEST_HOST = "$(BUNDLE_LOADER)";
				WRAPPER_EXTENSION = octest;
			};
			name = Debug;
		};
		7CF53CF61646658B00A218BE /* Release */ = {
			isa = XCBuildConfiguration;
			buildSettings = {
				BUNDLE_LOADER = "$(BUILT_PRODUCTS_DIR)/osx_client.app/Contents/MacOS/osx_client";
				COMBINE_HIDPI_IMAGES = YES;
				FRAMEWORK_SEARCH_PATHS = "\"$(DEVELOPER_LIBRARY_DIR)/Frameworks\"";
				GCC_PRECOMPILE_PREFIX_HEADER = YES;
				GCC_PREFIX_HEADER = "osx_client/osx_client-Prefix.pch";
				INFOPLIST_FILE = "osx_clientTests/osx_clientTests-Info.plist";
				PRODUCT_NAME = osx_clientTests;
				TEST_HOST = "$(BUNDLE_LOADER)";
				WRAPPER_EXTENSION = octest;
			};
			name = Release;
		};
/* End XCBuildConfiguration section */

/* Begin XCConfigurationList section */
		7CF53CB91646658B00A218BE /* Build configuration list for PBXProject "osx_client" */ = {
			isa = XCConfigurationList;
			buildConfigurations = (
				7CF53CEF1646658B00A218BE /* Debug */,
				7CF53CF01646658B00A218BE /* Release */,
			);
			defaultConfigurationIsVisible = 0;
			defaultConfigurationName = Release;
		};
		7CF53CF11646658B00A218BE /* Build configuration list for PBXNativeTarget "osx_client" */ = {
			isa = XCConfigurationList;
			buildConfigurations = (
				7CF53CF21646658B00A218BE /* Debug */,
				7CF53CF31646658B00A218BE /* Release */,
			);
			defaultConfigurationIsVisible = 0;
			defaultConfigurationName = Release;
		};
		7CF53CF41646658B00A218BE /* Build configuration list for PBXNativeTarget "osx_clientTests" */ = {
			isa = XCConfigurationList;
			buildConfigurations = (
				7CF53CF51646658B00A218BE /* Debug */,
				7CF53CF61646658B00A218BE /* Release */,
			);
			defaultConfigurationIsVisible = 0;
			defaultConfigurationName = Release;
		};
/* End XCConfigurationList section */
	};
	rootObject = 7CF53CB61646658B00A218BE /* Project object */;
}
