// !$*UTF8*$!
{
	archiveVersion = 1;
	classes = {
	};
	objectVersion = 46;
	objects = {

/* Begin PBXBuildFile section */
		7C10FE8916594762003F656A /* ColorMapAngler.cpp in Sources */ = {isa = PBXBuildFile; fileRef = 7C10FE8716594762003F656A /* ColorMapAngler.cpp */; };
		7C10FE8F16594BD4003F656A /* PickFromAngler.cpp in Sources */ = {isa = PBXBuildFile; fileRef = 7C10FE8E16594BD4003F656A /* PickFromAngler.cpp */; };
		7C10FE9216594C6D003F656A /* MostlyHorizontalAngler.cpp in Sources */ = {isa = PBXBuildFile; fileRef = 7C10FE9016594C6C003F656A /* MostlyHorizontalAngler.cpp */; };
		7C10FE9516595E38003F656A /* ByWeightSizer.cpp in Sources */ = {isa = PBXBuildFile; fileRef = 7C10FE9316595E38003F656A /* ByWeightSizer.cpp */; };
		7C10FE9B165962EB003F656A /* ColorMapPlacer.cpp in Sources */ = {isa = PBXBuildFile; fileRef = 7C10FE99165962EB003F656A /* ColorMapPlacer.cpp */; };
		7C10FEA5165993C0003F656A /* egg.png in Resources */ = {isa = PBXBuildFile; fileRef = 7C10FEA4165993C0003F656A /* egg.png */; };
		7C1B3B241657DCB700D3DCAD /* PolarCanvas.cpp in Sources */ = {isa = PBXBuildFile; fileRef = 7C1B3B231657DCB700D3DCAD /* PolarCanvas.cpp */; };
		7C1B3B2D1657F3DC00D3DCAD /* PolarLayer.cpp in Sources */ = {isa = PBXBuildFile; fileRef = 7C1B3B2C1657F3DC00D3DCAD /* PolarLayer.cpp */; };
		7CBD6B5816580DB700E9047C /* EngineShape.cpp in Sources */ = {isa = PBXBuildFile; fileRef = 7CBD6B5716580DB700E9047C /* EngineShape.cpp */; };
		7CBD6B5B16582F7500E9047C /* Patch.cpp in Sources */ = {isa = PBXBuildFile; fileRef = 7CBD6B5A16582F7500E9047C /* Patch.cpp */; };
		7CBD6B5E1658303000E9047C /* PatchQueue.cpp in Sources */ = {isa = PBXBuildFile; fileRef = 7CBD6B5D1658303000E9047C /* PatchQueue.cpp */; };
		7CBD6B611658305400E9047C /* LeveledPatchMap.cpp in Sources */ = {isa = PBXBuildFile; fileRef = 7CBD6B5F1658305300E9047C /* LeveledPatchMap.cpp */; };
		7CBD6B6416583B3A00E9047C /* DensityPatchIndex.cpp in Sources */ = {isa = PBXBuildFile; fileRef = 7CBD6B6216583B3A00E9047C /* DensityPatchIndex.cpp */; };
		7CBD6B6916584FE200E9047C /* Angler.cpp in Sources */ = {isa = PBXBuildFile; fileRef = 7CBD6B6716584FE200E9047C /* Angler.cpp */; };
		7CBD6B6C16588E5700E9047C /* WordLayer.cpp in Sources */ = {isa = PBXBuildFile; fileRef = 7CBD6B6A16588E5400E9047C /* WordLayer.cpp */; };
		7CBDAAF8165AADFC00E009E5 /* dog.png in Resources */ = {isa = PBXBuildFile; fileRef = 7CBDAAF2165AADFC00E009E5 /* dog.png */; };
		7CBDAAF9165AADFC00E009E5 /* face.png in Resources */ = {isa = PBXBuildFile; fileRef = 7CBDAAF3165AADFC00E009E5 /* face.png */; };
		7CBDAAFA165AADFC00E009E5 /* heart.png in Resources */ = {isa = PBXBuildFile; fileRef = 7CBDAAF4165AADFC00E009E5 /* heart.png */; };
		7CBDAAFB165AADFC00E009E5 /* star.png in Resources */ = {isa = PBXBuildFile; fileRef = 7CBDAAF5165AADFC00E009E5 /* star.png */; };
		7CBDAAFC165AADFC00E009E5 /* wheel_h.png in Resources */ = {isa = PBXBuildFile; fileRef = 7CBDAAF6165AADFC00E009E5 /* wheel_h.png */; };
		7CBDAAFD165AADFC00E009E5 /* wheel_v.png in Resources */ = {isa = PBXBuildFile; fileRef = 7CBDAAF7165AADFC00E009E5 /* wheel_v.png */; };
		7CF53CC41646658B00A218BE /* Cocoa.framework in Frameworks */ = {isa = PBXBuildFile; fileRef = 7CF53CC31646658B00A218BE /* Cocoa.framework */; };
		7CF53CCE1646658B00A218BE /* InfoPlist.strings in Resources */ = {isa = PBXBuildFile; fileRef = 7CF53CCC1646658B00A218BE /* InfoPlist.strings */; };
		7CF53CD01646658B00A218BE /* main.mm in Sources */ = {isa = PBXBuildFile; fileRef = 7CF53CCF1646658B00A218BE /* main.mm */; };
		7CF53CD41646658B00A218BE /* Credits.rtf in Resources */ = {isa = PBXBuildFile; fileRef = 7CF53CD21646658B00A218BE /* Credits.rtf */; };
		7CF53CD71646658B00A218BE /* AppDelegate.mm in Sources */ = {isa = PBXBuildFile; fileRef = 7CF53CD61646658B00A218BE /* AppDelegate.mm */; };
		7CF53CDA1646658B00A218BE /* MainMenu.xib in Resources */ = {isa = PBXBuildFile; fileRef = 7CF53CD81646658B00A218BE /* MainMenu.xib */; };
		7CF53CE21646658B00A218BE /* SenTestingKit.framework in Frameworks */ = {isa = PBXBuildFile; fileRef = 7CF53CE11646658B00A218BE /* SenTestingKit.framework */; };
		7CF53CE31646658B00A218BE /* Cocoa.framework in Frameworks */ = {isa = PBXBuildFile; fileRef = 7CF53CC31646658B00A218BE /* Cocoa.framework */; };
		7CF53CEB1646658B00A218BE /* InfoPlist.strings in Resources */ = {isa = PBXBuildFile; fileRef = 7CF53CE91646658B00A218BE /* InfoPlist.strings */; };
		7CF53CEE1646658B00A218BE /* PolarTree_ExperimentTests.mm in Sources */ = {isa = PBXBuildFile; fileRef = 7CF53CED1646658B00A218BE /* PolarTree_ExperimentTests.mm */; };
		7CF53D021646663300A218BE /* PolarChildTree.cpp in Sources */ = {isa = PBXBuildFile; fileRef = 7CF53CF81646663300A218BE /* PolarChildTree.cpp */; };
		7CF53D031646663300A218BE /* PolarRootTree.cpp in Sources */ = {isa = PBXBuildFile; fileRef = 7CF53CFA1646663300A218BE /* PolarRootTree.cpp */; };
		7CF53D041646663300A218BE /* PolarTreeBuilder.cpp in Sources */ = {isa = PBXBuildFile; fileRef = 7CF53CFC1646663300A218BE /* PolarTreeBuilder.cpp */; };
		7CF53D051646663300A218BE /* PolarTree.cpp in Sources */ = {isa = PBXBuildFile; fileRef = 7CF53CFE1646663300A218BE /* PolarTree.cpp */; };
		7CF53D0F16467CA000A218BE /* MainView.mm in Sources */ = {isa = PBXBuildFile; fileRef = 7CF53D0E16467CA000A218BE /* MainView.mm */; };
		7CF84D7F164C169F008D8664 /* PixelImageShape.cpp in Sources */ = {isa = PBXBuildFile; fileRef = 7CF84D7E164C169F008D8664 /* PixelImageShape.cpp */; };
		7CF84D85164C1988008D8664 /* ImageShape.cpp in Sources */ = {isa = PBXBuildFile; fileRef = 7CF84D84164C1988008D8664 /* ImageShape.cpp */; };
/* End PBXBuildFile section */

/* Begin PBXContainerItemProxy section */
		7CF53CE41646658B00A218BE /* PBXContainerItemProxy */ = {
			isa = PBXContainerItemProxy;
			containerPortal = 7CF53CB61646658B00A218BE /* Project object */;
			proxyType = 1;
			remoteGlobalIDString = 7CF53CBE1646658B00A218BE;
			remoteInfo = "PolarTree Experiment";
		};
/* End PBXContainerItemProxy section */

/* Begin PBXFileReference section */
		7C10FE8716594762003F656A /* ColorMapAngler.cpp */ = {isa = PBXFileReference; fileEncoding = 4; lastKnownFileType = sourcecode.cpp.cpp; path = ColorMapAngler.cpp; sourceTree = "<group>"; };
		7C10FE8816594762003F656A /* ColorMapAngler.h */ = {isa = PBXFileReference; fileEncoding = 4; lastKnownFileType = sourcecode.c.h; path = ColorMapAngler.h; sourceTree = "<group>"; };
		7C10FE8B16594878003F656A /* constants.h */ = {isa = PBXFileReference; lastKnownFileType = sourcecode.c.h; path = constants.h; sourceTree = "<group>"; };
		7C10FE8D16594AB7003F656A /* PickFromAngler.h */ = {isa = PBXFileReference; lastKnownFileType = sourcecode.c.h; path = PickFromAngler.h; sourceTree = "<group>"; };
		7C10FE8E16594BD4003F656A /* PickFromAngler.cpp */ = {isa = PBXFileReference; fileEncoding = 4; lastKnownFileType = sourcecode.cpp.cpp; path = PickFromAngler.cpp; sourceTree = "<group>"; };
		7C10FE9016594C6C003F656A /* MostlyHorizontalAngler.cpp */ = {isa = PBXFileReference; fileEncoding = 4; lastKnownFileType = sourcecode.cpp.cpp; path = MostlyHorizontalAngler.cpp; sourceTree = "<group>"; };
		7C10FE9116594C6D003F656A /* MostlyHorizontalAngler.h */ = {isa = PBXFileReference; fileEncoding = 4; lastKnownFileType = sourcecode.c.h; path = MostlyHorizontalAngler.h; sourceTree = "<group>"; };
		7C10FE9316595E38003F656A /* ByWeightSizer.cpp */ = {isa = PBXFileReference; fileEncoding = 4; lastKnownFileType = sourcecode.cpp.cpp; path = ByWeightSizer.cpp; sourceTree = "<group>"; };
		7C10FE9416595E38003F656A /* ByWeightSizer.h */ = {isa = PBXFileReference; fileEncoding = 4; lastKnownFileType = sourcecode.c.h; path = ByWeightSizer.h; sourceTree = "<group>"; };
		7C10FE9716595FE2003F656A /* ColorMapZigzagNudger.h */ = {isa = PBXFileReference; fileEncoding = 4; lastKnownFileType = sourcecode.c.h; path = ColorMapZigzagNudger.h; sourceTree = "<group>"; };
		7C10FE99165962EB003F656A /* ColorMapPlacer.cpp */ = {isa = PBXFileReference; fileEncoding = 4; lastKnownFileType = sourcecode.cpp.cpp; path = ColorMapPlacer.cpp; sourceTree = "<group>"; };
		7C10FE9A165962EB003F656A /* ColorMapPlacer.h */ = {isa = PBXFileReference; fileEncoding = 4; lastKnownFileType = sourcecode.c.h; path = ColorMapPlacer.h; sourceTree = "<group>"; };
		7C10FEA4165993C0003F656A /* egg.png */ = {isa = PBXFileReference; lastKnownFileType = image.png; path = egg.png; sourceTree = "<group>"; };
		7C1B3B221657DB0200D3DCAD /* PolarCanvas.h */ = {isa = PBXFileReference; lastKnownFileType = sourcecode.c.h; path = PolarCanvas.h; sourceTree = "<group>"; };
		7C1B3B231657DCB700D3DCAD /* PolarCanvas.cpp */ = {isa = PBXFileReference; fileEncoding = 4; lastKnownFileType = sourcecode.cpp.cpp; path = PolarCanvas.cpp; sourceTree = "<group>"; };
		7C1B3B2B1657F31000D3DCAD /* PolarLayer.h */ = {isa = PBXFileReference; lastKnownFileType = sourcecode.c.h; path = PolarLayer.h; sourceTree = "<group>"; };
		7C1B3B2C1657F3DC00D3DCAD /* PolarLayer.cpp */ = {isa = PBXFileReference; fileEncoding = 4; lastKnownFileType = sourcecode.cpp.cpp; path = PolarLayer.cpp; sourceTree = "<group>"; };
		7C4AD670164C102700335CFC /* PixelImageShape.h */ = {isa = PBXFileReference; lastKnownFileType = sourcecode.c.h; path = PixelImageShape.h; sourceTree = "<group>"; };
		7C8F21EC164FC11D0084C060 /* Flip.h */ = {isa = PBXFileReference; lastKnownFileType = sourcecode.c.h; path = Flip.h; sourceTree = "<group>"; };
		7CBD6B4F1657FBF900E9047C /* Nudger.h */ = {isa = PBXFileReference; lastKnownFileType = sourcecode.c.h; path = Nudger.h; sourceTree = "<group>"; };
		7CBD6B511657FCB100E9047C /* Placer.h */ = {isa = PBXFileReference; lastKnownFileType = sourcecode.c.h; path = Placer.h; sourceTree = "<group>"; };
		7CBD6B5516580B9000E9047C /* EngineShape.h */ = {isa = PBXFileReference; lastKnownFileType = sourcecode.c.h; path = EngineShape.h; sourceTree = "<group>"; };
		7CBD6B5616580C7800E9047C /* Sizer.h */ = {isa = PBXFileReference; lastKnownFileType = sourcecode.c.h; path = Sizer.h; sourceTree = "<group>"; };
		7CBD6B5716580DB700E9047C /* EngineShape.cpp */ = {isa = PBXFileReference; fileEncoding = 4; lastKnownFileType = sourcecode.cpp.cpp; path = EngineShape.cpp; sourceTree = "<group>"; };
		7CBD6B5916582B5200E9047C /* Patch.h */ = {isa = PBXFileReference; lastKnownFileType = sourcecode.c.h; path = Patch.h; sourceTree = "<group>"; };
		7CBD6B5A16582F7500E9047C /* Patch.cpp */ = {isa = PBXFileReference; fileEncoding = 4; lastKnownFileType = sourcecode.cpp.cpp; path = Patch.cpp; sourceTree = "<group>"; };
		7CBD6B5C1658302500E9047C /* PatchQueue.h */ = {isa = PBXFileReference; lastKnownFileType = sourcecode.c.h; path = PatchQueue.h; sourceTree = "<group>"; };
		7CBD6B5D1658303000E9047C /* PatchQueue.cpp */ = {isa = PBXFileReference; fileEncoding = 4; lastKnownFileType = sourcecode.cpp.cpp; path = PatchQueue.cpp; sourceTree = "<group>"; };
		7CBD6B5F1658305300E9047C /* LeveledPatchMap.cpp */ = {isa = PBXFileReference; fileEncoding = 4; lastKnownFileType = sourcecode.cpp.cpp; path = LeveledPatchMap.cpp; sourceTree = "<group>"; };
		7CBD6B601658305400E9047C /* LeveledPatchMap.h */ = {isa = PBXFileReference; fileEncoding = 4; lastKnownFileType = sourcecode.c.h; path = LeveledPatchMap.h; sourceTree = "<group>"; };
		7CBD6B6216583B3A00E9047C /* DensityPatchIndex.cpp */ = {isa = PBXFileReference; fileEncoding = 4; lastKnownFileType = sourcecode.cpp.cpp; path = DensityPatchIndex.cpp; sourceTree = "<group>"; };
		7CBD6B6316583B3A00E9047C /* DensityPatchIndex.h */ = {isa = PBXFileReference; fileEncoding = 4; lastKnownFileType = sourcecode.c.h; path = DensityPatchIndex.h; sourceTree = "<group>"; };
		7CBD6B6716584FE200E9047C /* Angler.cpp */ = {isa = PBXFileReference; fileEncoding = 4; lastKnownFileType = sourcecode.cpp.cpp; path = Angler.cpp; sourceTree = "<group>"; };
		7CBD6B6816584FE200E9047C /* Angler.h */ = {isa = PBXFileReference; fileEncoding = 4; lastKnownFileType = sourcecode.c.h; path = Angler.h; sourceTree = "<group>"; };
		7CBD6B6A16588E5400E9047C /* WordLayer.cpp */ = {isa = PBXFileReference; fileEncoding = 4; lastKnownFileType = sourcecode.cpp.cpp; path = WordLayer.cpp; sourceTree = "<group>"; };
		7CBD6B6B16588E5500E9047C /* WordLayer.h */ = {isa = PBXFileReference; fileEncoding = 4; lastKnownFileType = sourcecode.c.h; path = WordLayer.h; sourceTree = "<group>"; };
		7CBD6B6E1659368400E9047C /* ColorMath.h */ = {isa = PBXFileReference; lastKnownFileType = sourcecode.c.h; path = ColorMath.h; sourceTree = "<group>"; };
		7CBDAAF2165AADFC00E009E5 /* dog.png */ = {isa = PBXFileReference; lastKnownFileType = image.png; path = dog.png; sourceTree = "<group>"; };
		7CBDAAF3165AADFC00E009E5 /* face.png */ = {isa = PBXFileReference; lastKnownFileType = image.png; path = face.png; sourceTree = "<group>"; };
		7CBDAAF4165AADFC00E009E5 /* heart.png */ = {isa = PBXFileReference; lastKnownFileType = image.png; path = heart.png; sourceTree = "<group>"; };
		7CBDAAF5165AADFC00E009E5 /* star.png */ = {isa = PBXFileReference; lastKnownFileType = image.png; path = star.png; sourceTree = "<group>"; };
		7CBDAAF6165AADFC00E009E5 /* wheel_h.png */ = {isa = PBXFileReference; lastKnownFileType = image.png; path = wheel_h.png; sourceTree = "<group>"; };
		7CBDAAF7165AADFC00E009E5 /* wheel_v.png */ = {isa = PBXFileReference; lastKnownFileType = image.png; path = wheel_v.png; sourceTree = "<group>"; };
		7CBDAAFE165AF7AD00E009E5 /* structs.h */ = {isa = PBXFileReference; lastKnownFileType = sourcecode.c.h; path = structs.h; sourceTree = "<group>"; };
		7CF53CBF1646658B00A218BE /* PolarTree Experiment.app */ = {isa = PBXFileReference; explicitFileType = wrapper.application; includeInIndex = 0; path = "PolarTree Experiment.app"; sourceTree = BUILT_PRODUCTS_DIR; };
		7CF53CC31646658B00A218BE /* Cocoa.framework */ = {isa = PBXFileReference; lastKnownFileType = wrapper.framework; name = Cocoa.framework; path = System/Library/Frameworks/Cocoa.framework; sourceTree = SDKROOT; };
		7CF53CC61646658B00A218BE /* AppKit.framework */ = {isa = PBXFileReference; lastKnownFileType = wrapper.framework; name = AppKit.framework; path = System/Library/Frameworks/AppKit.framework; sourceTree = SDKROOT; };
		7CF53CC71646658B00A218BE /* CoreData.framework */ = {isa = PBXFileReference; lastKnownFileType = wrapper.framework; name = CoreData.framework; path = System/Library/Frameworks/CoreData.framework; sourceTree = SDKROOT; };
		7CF53CC81646658B00A218BE /* Foundation.framework */ = {isa = PBXFileReference; lastKnownFileType = wrapper.framework; name = Foundation.framework; path = System/Library/Frameworks/Foundation.framework; sourceTree = SDKROOT; };
		7CF53CCB1646658B00A218BE /* PolarTree Experiment-Info.plist */ = {isa = PBXFileReference; lastKnownFileType = text.plist.xml; path = "PolarTree Experiment-Info.plist"; sourceTree = "<group>"; };
		7CF53CCD1646658B00A218BE /* en */ = {isa = PBXFileReference; lastKnownFileType = text.plist.strings; name = en; path = en.lproj/InfoPlist.strings; sourceTree = "<group>"; };
		7CF53CCF1646658B00A218BE /* main.mm */ = {isa = PBXFileReference; lastKnownFileType = sourcecode.cpp.objcpp; path = main.mm; sourceTree = "<group>"; };
		7CF53CD11646658B00A218BE /* PolarTree Experiment-Prefix.pch */ = {isa = PBXFileReference; lastKnownFileType = sourcecode.c.h; path = "PolarTree Experiment-Prefix.pch"; sourceTree = "<group>"; };
		7CF53CD31646658B00A218BE /* en */ = {isa = PBXFileReference; lastKnownFileType = text.rtf; name = en; path = en.lproj/Credits.rtf; sourceTree = "<group>"; };
		7CF53CD51646658B00A218BE /* AppDelegate.h */ = {isa = PBXFileReference; lastKnownFileType = sourcecode.c.h; path = AppDelegate.h; sourceTree = "<group>"; };
		7CF53CD61646658B00A218BE /* AppDelegate.mm */ = {isa = PBXFileReference; lastKnownFileType = sourcecode.cpp.objcpp; path = AppDelegate.mm; sourceTree = "<group>"; };
		7CF53CD91646658B00A218BE /* en */ = {isa = PBXFileReference; lastKnownFileType = file.xib; name = en; path = en.lproj/MainMenu.xib; sourceTree = "<group>"; };
		7CF53CE01646658B00A218BE /* PolarTree ExperimentTests.octest */ = {isa = PBXFileReference; explicitFileType = wrapper.cfbundle; includeInIndex = 0; path = "PolarTree ExperimentTests.octest"; sourceTree = BUILT_PRODUCTS_DIR; };
		7CF53CE11646658B00A218BE /* SenTestingKit.framework */ = {isa = PBXFileReference; lastKnownFileType = wrapper.framework; name = SenTestingKit.framework; path = Library/Frameworks/SenTestingKit.framework; sourceTree = DEVELOPER_DIR; };
		7CF53CE81646658B00A218BE /* PolarTree ExperimentTests-Info.plist */ = {isa = PBXFileReference; lastKnownFileType = text.plist.xml; path = "PolarTree ExperimentTests-Info.plist"; sourceTree = "<group>"; };
		7CF53CEA1646658B00A218BE /* en */ = {isa = PBXFileReference; lastKnownFileType = text.plist.strings; name = en; path = en.lproj/InfoPlist.strings; sourceTree = "<group>"; };
		7CF53CEC1646658B00A218BE /* PolarTree_ExperimentTests.h */ = {isa = PBXFileReference; lastKnownFileType = sourcecode.c.h; path = PolarTree_ExperimentTests.h; sourceTree = "<group>"; };
		7CF53CED1646658B00A218BE /* PolarTree_ExperimentTests.mm */ = {isa = PBXFileReference; lastKnownFileType = sourcecode.cpp.objcpp; path = PolarTree_ExperimentTests.mm; sourceTree = "<group>"; };
		7CF53CF81646663300A218BE /* PolarChildTree.cpp */ = {isa = PBXFileReference; fileEncoding = 4; lastKnownFileType = sourcecode.cpp.cpp; path = PolarChildTree.cpp; sourceTree = "<group>"; };
		7CF53CF91646663300A218BE /* PolarChildTree.h */ = {isa = PBXFileReference; fileEncoding = 4; lastKnownFileType = sourcecode.c.h; path = PolarChildTree.h; sourceTree = "<group>"; };
		7CF53CFA1646663300A218BE /* PolarRootTree.cpp */ = {isa = PBXFileReference; fileEncoding = 4; lastKnownFileType = sourcecode.cpp.cpp; path = PolarRootTree.cpp; sourceTree = "<group>"; };
		7CF53CFB1646663300A218BE /* PolarRootTree.h */ = {isa = PBXFileReference; fileEncoding = 4; lastKnownFileType = sourcecode.c.h; path = PolarRootTree.h; sourceTree = "<group>"; };
		7CF53CFC1646663300A218BE /* PolarTreeBuilder.cpp */ = {isa = PBXFileReference; fileEncoding = 4; lastKnownFileType = sourcecode.cpp.cpp; path = PolarTreeBuilder.cpp; sourceTree = "<group>"; };
		7CF53CFD1646663300A218BE /* PolarTreeBuilder.h */ = {isa = PBXFileReference; fileEncoding = 4; lastKnownFileType = sourcecode.c.h; path = PolarTreeBuilder.h; sourceTree = "<group>"; };
		7CF53CFE1646663300A218BE /* PolarTree.cpp */ = {isa = PBXFileReference; fileEncoding = 4; lastKnownFileType = sourcecode.cpp.cpp; path = PolarTree.cpp; sourceTree = "<group>"; };
		7CF53CFF1646663300A218BE /* PolarTree.h */ = {isa = PBXFileReference; fileEncoding = 4; lastKnownFileType = sourcecode.c.h; path = PolarTree.h; sourceTree = "<group>"; };
		7CF53D011646663300A218BE /* ImageShape.h */ = {isa = PBXFileReference; fileEncoding = 4; lastKnownFileType = sourcecode.c.h; path = ImageShape.h; sourceTree = "<group>"; };
		7CF53D0D16467CA000A218BE /* MainView.h */ = {isa = PBXFileReference; fileEncoding = 4; lastKnownFileType = sourcecode.c.h; path = MainView.h; sourceTree = "<group>"; };
		7CF53D0E16467CA000A218BE /* MainView.mm */ = {isa = PBXFileReference; fileEncoding = 4; lastKnownFileType = sourcecode.cpp.objcpp; path = MainView.mm; sourceTree = "<group>"; };
		7CF84D7E164C169F008D8664 /* PixelImageShape.cpp */ = {isa = PBXFileReference; fileEncoding = 4; lastKnownFileType = sourcecode.cpp.cpp; path = PixelImageShape.cpp; sourceTree = "<group>"; };
		7CF84D84164C1988008D8664 /* ImageShape.cpp */ = {isa = PBXFileReference; fileEncoding = 4; lastKnownFileType = sourcecode.cpp.cpp; path = ImageShape.cpp; sourceTree = "<group>"; };
/* End PBXFileReference section */

/* Begin PBXFrameworksBuildPhase section */
		7CF53CBC1646658B00A218BE /* Frameworks */ = {
			isa = PBXFrameworksBuildPhase;
			buildActionMask = 2147483647;
			files = (
				7CF53CC41646658B00A218BE /* Cocoa.framework in Frameworks */,
			);
			runOnlyForDeploymentPostprocessing = 0;
		};
		7CF53CDC1646658B00A218BE /* Frameworks */ = {
			isa = PBXFrameworksBuildPhase;
			buildActionMask = 2147483647;
			files = (
				7CF53CE21646658B00A218BE /* SenTestingKit.framework in Frameworks */,
				7CF53CE31646658B00A218BE /* Cocoa.framework in Frameworks */,
			);
			runOnlyForDeploymentPostprocessing = 0;
		};
/* End PBXFrameworksBuildPhase section */

/* Begin PBXGroup section */
		7C10FE8C16594885003F656A /* common */ = {
			isa = PBXGroup;
			children = (
				7C10FE8B16594878003F656A /* constants.h */,
				7CBDAAFE165AF7AD00E009E5 /* structs.h */,
			);
			name = common;
			sourceTree = "<group>";
		};
		7C10FEA31659939A003F656A /* Resources */ = {
			isa = PBXGroup;
			children = (
				7CBDAAF2165AADFC00E009E5 /* dog.png */,
				7CBDAAF3165AADFC00E009E5 /* face.png */,
				7CBDAAF4165AADFC00E009E5 /* heart.png */,
				7CBDAAF5165AADFC00E009E5 /* star.png */,
				7CBDAAF6165AADFC00E009E5 /* wheel_h.png */,
				7CBDAAF7165AADFC00E009E5 /* wheel_v.png */,
				7C10FEA4165993C0003F656A /* egg.png */,
			);
			name = Resources;
			sourceTree = "<group>";
		};
		7C1B3B261657E03600D3DCAD /* density */ = {
			isa = PBXGroup;
			children = (
				7CBD6B5916582B5200E9047C /* Patch.h */,
				7CBD6B6216583B3A00E9047C /* DensityPatchIndex.cpp */,
				7CBD6B6316583B3A00E9047C /* DensityPatchIndex.h */,
				7CBD6B5A16582F7500E9047C /* Patch.cpp */,
				7CBD6B5C1658302500E9047C /* PatchQueue.h */,
				7CBD6B5D1658303000E9047C /* PatchQueue.cpp */,
				7CBD6B5F1658305300E9047C /* LeveledPatchMap.cpp */,
				7CBD6B601658305400E9047C /* LeveledPatchMap.h */,
			);
			name = density;
			sourceTree = "<group>";
		};
		7C80D615164BF47300D05F6D /* placer */ = {
			isa = PBXGroup;
			children = (
				7CBD6B511657FCB100E9047C /* Placer.h */,
				7C10FE99165962EB003F656A /* ColorMapPlacer.cpp */,
				7C10FE9A165962EB003F656A /* ColorMapPlacer.h */,
			);
			name = placer;
			sourceTree = "<group>";
		};
		7C80D617164BF48100D05F6D /* nudger */ = {
			isa = PBXGroup;
			children = (
				7CBD6B4F1657FBF900E9047C /* Nudger.h */,
				7C10FE9716595FE2003F656A /* ColorMapZigzagNudger.h */,
			);
			name = nudger;
			sourceTree = "<group>";
		};
		7CBD6B521658098D00E9047C /* sizer */ = {
			isa = PBXGroup;
			children = (
				7CBD6B5616580C7800E9047C /* Sizer.h */,
				7C10FE9316595E38003F656A /* ByWeightSizer.cpp */,
				7C10FE9416595E38003F656A /* ByWeightSizer.h */,
			);
			name = sizer;
			sourceTree = "<group>";
		};
		7CBD6B6616584FD400E9047C /* angler */ = {
			isa = PBXGroup;
			children = (
				7CBD6B6716584FE200E9047C /* Angler.cpp */,
				7CBD6B6816584FE200E9047C /* Angler.h */,
				7C10FE8716594762003F656A /* ColorMapAngler.cpp */,
				7C10FE8816594762003F656A /* ColorMapAngler.h */,
				7C10FE8D16594AB7003F656A /* PickFromAngler.h */,
				7C10FE8E16594BD4003F656A /* PickFromAngler.cpp */,
				7C10FE9016594C6C003F656A /* MostlyHorizontalAngler.cpp */,
				7C10FE9116594C6D003F656A /* MostlyHorizontalAngler.h */,
			);
			name = angler;
			sourceTree = "<group>";
		};
		7CBD6B6D1659366A00E9047C /* math */ = {
			isa = PBXGroup;
			children = (
				7CBD6B6E1659368400E9047C /* ColorMath.h */,
			);
			name = math;
			sourceTree = "<group>";
		};
		7CF53CB41646658B00A218BE = {
			isa = PBXGroup;
			children = (
				7C10FEA31659939A003F656A /* Resources */,
				7CF53CC91646658B00A218BE /* PolarTree Experiment */,
				7CF53CE61646658B00A218BE /* PolarTree ExperimentTests */,
				7CF53CC21646658B00A218BE /* Frameworks */,
				7CF53CC01646658B00A218BE /* Products */,
			);
			sourceTree = "<group>";
		};
		7CF53CC01646658B00A218BE /* Products */ = {
			isa = PBXGroup;
			children = (
				7CF53CBF1646658B00A218BE /* PolarTree Experiment.app */,
				7CF53CE01646658B00A218BE /* PolarTree ExperimentTests.octest */,
			);
			name = Products;
			sourceTree = "<group>";
		};
		7CF53CC21646658B00A218BE /* Frameworks */ = {
			isa = PBXGroup;
			children = (
				7CF53CC31646658B00A218BE /* Cocoa.framework */,
				7CF53CE11646658B00A218BE /* SenTestingKit.framework */,
				7CF53CC51646658B00A218BE /* Other Frameworks */,
			);
			name = Frameworks;
			sourceTree = "<group>";
		};
		7CF53CC51646658B00A218BE /* Other Frameworks */ = {
			isa = PBXGroup;
			children = (
				7CF53CC61646658B00A218BE /* AppKit.framework */,
				7CF53CC71646658B00A218BE /* CoreData.framework */,
				7CF53CC81646658B00A218BE /* Foundation.framework */,
			);
			name = "Other Frameworks";
			sourceTree = "<group>";
		};
		7CF53CC91646658B00A218BE /* PolarTree Experiment */ = {
			isa = PBXGroup;
			children = (
				7CF53CF71646663300A218BE /* polartree */,
				7CF53CD51646658B00A218BE /* AppDelegate.h */,
				7CF53CD61646658B00A218BE /* AppDelegate.mm */,
				7CF53CD81646658B00A218BE /* MainMenu.xib */,
				7CF53D0D16467CA000A218BE /* MainView.h */,
				7CF53D0E16467CA000A218BE /* MainView.mm */,
				7CF53CCA1646658B00A218BE /* Supporting Files */,
			);
			path = "PolarTree Experiment";
			sourceTree = "<group>";
		};
		7CF53CCA1646658B00A218BE /* Supporting Files */ = {
			isa = PBXGroup;
			children = (
				7CF53CCB1646658B00A218BE /* PolarTree Experiment-Info.plist */,
				7CF53CCC1646658B00A218BE /* InfoPlist.strings */,
				7CF53CCF1646658B00A218BE /* main.mm */,
				7CF53CD11646658B00A218BE /* PolarTree Experiment-Prefix.pch */,
				7CF53CD21646658B00A218BE /* Credits.rtf */,
			);
			name = "Supporting Files";
			sourceTree = "<group>";
		};
		7CF53CE61646658B00A218BE /* PolarTree ExperimentTests */ = {
			isa = PBXGroup;
			children = (
				7CF53CEC1646658B00A218BE /* PolarTree_ExperimentTests.h */,
				7CF53CED1646658B00A218BE /* PolarTree_ExperimentTests.mm */,
				7CF53CE71646658B00A218BE /* Supporting Files */,
			);
			path = "PolarTree ExperimentTests";
			sourceTree = "<group>";
		};
		7CF53CE71646658B00A218BE /* Supporting Files */ = {
			isa = PBXGroup;
			children = (
				7CF53CE81646658B00A218BE /* PolarTree ExperimentTests-Info.plist */,
				7CF53CE91646658B00A218BE /* InfoPlist.strings */,
			);
			name = "Supporting Files";
			sourceTree = "<group>";
		};
		7CF53CF71646663300A218BE /* polartree */ = {
			isa = PBXGroup;
			children = (
				7C10FE8C16594885003F656A /* common */,
				7CBD6B6D1659366A00E9047C /* math */,
				7CBD6B6616584FD400E9047C /* angler */,
				7CBD6B521658098D00E9047C /* sizer */,
				7C1B3B261657E03600D3DCAD /* density */,
				7CF53CF81646663300A218BE /* PolarChildTree.cpp */,
				7CF53CF91646663300A218BE /* PolarChildTree.h */,
				7CF53CFA1646663300A218BE /* PolarRootTree.cpp */,
				7CF53CFB1646663300A218BE /* PolarRootTree.h */,
				7CF53CFE1646663300A218BE /* PolarTree.cpp */,
				7CF53CFF1646663300A218BE /* PolarTree.h */,
				7CF53CFC1646663300A218BE /* PolarTreeBuilder.cpp */,
				7CF53CFD1646663300A218BE /* PolarTreeBuilder.h */,
				7C80D617164BF48100D05F6D /* nudger */,
				7C80D615164BF47300D05F6D /* placer */,
				7CF53D011646663300A218BE /* ImageShape.h */,
				7CF84D84164C1988008D8664 /* ImageShape.cpp */,
				7C4AD670164C102700335CFC /* PixelImageShape.h */,
				7CF84D7E164C169F008D8664 /* PixelImageShape.cpp */,
				7C8F21EC164FC11D0084C060 /* Flip.h */,
				7C1B3B221657DB0200D3DCAD /* PolarCanvas.h */,
				7C1B3B231657DCB700D3DCAD /* PolarCanvas.cpp */,
				7C1B3B2B1657F31000D3DCAD /* PolarLayer.h */,
				7C1B3B2C1657F3DC00D3DCAD /* PolarLayer.cpp */,
				7CBD6B5516580B9000E9047C /* EngineShape.h */,
				7CBD6B5716580DB700E9047C /* EngineShape.cpp */,
				7CBD6B6A16588E5400E9047C /* WordLayer.cpp */,
				7CBD6B6B16588E5500E9047C /* WordLayer.h */,
			);
			path = polartree;
			sourceTree = "<group>";
		};
/* End PBXGroup section */

/* Begin PBXNativeTarget section */
		7CF53CBE1646658B00A218BE /* PolarTree Experiment */ = {
			isa = PBXNativeTarget;
			buildConfigurationList = 7CF53CF11646658B00A218BE /* Build configuration list for PBXNativeTarget "PolarTree Experiment" */;
			buildPhases = (
				7CF53CBB1646658B00A218BE /* Sources */,
				7CF53CBC1646658B00A218BE /* Frameworks */,
				7CF53CBD1646658B00A218BE /* Resources */,
			);
			buildRules = (
			);
			dependencies = (
			);
			name = "PolarTree Experiment";
			productName = "PolarTree Experiment";
			productReference = 7CF53CBF1646658B00A218BE /* PolarTree Experiment.app */;
			productType = "com.apple.product-type.application";
		};
		7CF53CDF1646658B00A218BE /* PolarTree ExperimentTests */ = {
			isa = PBXNativeTarget;
			buildConfigurationList = 7CF53CF41646658B00A218BE /* Build configuration list for PBXNativeTarget "PolarTree ExperimentTests" */;
			buildPhases = (
				7CF53CDB1646658B00A218BE /* Sources */,
				7CF53CDC1646658B00A218BE /* Frameworks */,
				7CF53CDD1646658B00A218BE /* Resources */,
				7CF53CDE1646658B00A218BE /* ShellScript */,
			);
			buildRules = (
			);
			dependencies = (
				7CF53CE51646658B00A218BE /* PBXTargetDependency */,
			);
			name = "PolarTree ExperimentTests";
			productName = "PolarTree ExperimentTests";
			productReference = 7CF53CE01646658B00A218BE /* PolarTree ExperimentTests.octest */;
			productType = "com.apple.product-type.bundle";
		};
/* End PBXNativeTarget section */

/* Begin PBXProject section */
		7CF53CB61646658B00A218BE /* Project object */ = {
			isa = PBXProject;
			attributes = {
				LastUpgradeCheck = 0450;
				ORGANIZATIONNAME = "Xiyang Chen";
			};
			buildConfigurationList = 7CF53CB91646658B00A218BE /* Build configuration list for PBXProject "PolarTree Experiment" */;
			compatibilityVersion = "Xcode 3.2";
			developmentRegion = English;
			hasScannedForEncodings = 0;
			knownRegions = (
				en,
			);
			mainGroup = 7CF53CB41646658B00A218BE;
			productRefGroup = 7CF53CC01646658B00A218BE /* Products */;
			projectDirPath = "";
			projectRoot = "";
			targets = (
				7CF53CBE1646658B00A218BE /* PolarTree Experiment */,
				7CF53CDF1646658B00A218BE /* PolarTree ExperimentTests */,
			);
		};
/* End PBXProject section */

/* Begin PBXResourcesBuildPhase section */
		7CF53CBD1646658B00A218BE /* Resources */ = {
			isa = PBXResourcesBuildPhase;
			buildActionMask = 2147483647;
			files = (
				7CF53CCE1646658B00A218BE /* InfoPlist.strings in Resources */,
				7CF53CD41646658B00A218BE /* Credits.rtf in Resources */,
				7CF53CDA1646658B00A218BE /* MainMenu.xib in Resources */,
				7C10FEA5165993C0003F656A /* egg.png in Resources */,
				7CBDAAF8165AADFC00E009E5 /* dog.png in Resources */,
				7CBDAAF9165AADFC00E009E5 /* face.png in Resources */,
				7CBDAAFA165AADFC00E009E5 /* heart.png in Resources */,
				7CBDAAFB165AADFC00E009E5 /* star.png in Resources */,
				7CBDAAFC165AADFC00E009E5 /* wheel_h.png in Resources */,
				7CBDAAFD165AADFC00E009E5 /* wheel_v.png in Resources */,
			);
			runOnlyForDeploymentPostprocessing = 0;
		};
		7CF53CDD1646658B00A218BE /* Resources */ = {
			isa = PBXResourcesBuildPhase;
			buildActionMask = 2147483647;
			files = (
				7CF53CEB1646658B00A218BE /* InfoPlist.strings in Resources */,
			);
			runOnlyForDeploymentPostprocessing = 0;
		};
/* End PBXResourcesBuildPhase section */

/* Begin PBXShellScriptBuildPhase section */
		7CF53CDE1646658B00A218BE /* ShellScript */ = {
			isa = PBXShellScriptBuildPhase;
			buildActionMask = 2147483647;
			files = (
			);
			inputPaths = (
			);
			outputPaths = (
			);
			runOnlyForDeploymentPostprocessing = 0;
			shellPath = /bin/sh;
			shellScript = "# Run the unit tests in this test bundle.\n\"${SYSTEM_DEVELOPER_DIR}/Tools/RunUnitTests\"\n";
		};
/* End PBXShellScriptBuildPhase section */

/* Begin PBXSourcesBuildPhase section */
		7CF53CBB1646658B00A218BE /* Sources */ = {
			isa = PBXSourcesBuildPhase;
			buildActionMask = 2147483647;
			files = (
				7CF53CD01646658B00A218BE /* main.mm in Sources */,
				7CF53CD71646658B00A218BE /* AppDelegate.mm in Sources */,
				7CF53D021646663300A218BE /* PolarChildTree.cpp in Sources */,
				7CF53D031646663300A218BE /* PolarRootTree.cpp in Sources */,
				7CF53D041646663300A218BE /* PolarTreeBuilder.cpp in Sources */,
				7CF53D051646663300A218BE /* PolarTree.cpp in Sources */,
				7CF53D0F16467CA000A218BE /* MainView.mm in Sources */,
				7CF84D7F164C169F008D8664 /* PixelImageShape.cpp in Sources */,
				7CF84D85164C1988008D8664 /* ImageShape.cpp in Sources */,
				7C1B3B241657DCB700D3DCAD /* PolarCanvas.cpp in Sources */,
				7C1B3B2D1657F3DC00D3DCAD /* PolarLayer.cpp in Sources */,
				7CBD6B5816580DB700E9047C /* EngineShape.cpp in Sources */,
				7CBD6B5B16582F7500E9047C /* Patch.cpp in Sources */,
				7CBD6B5E1658303000E9047C /* PatchQueue.cpp in Sources */,
				7CBD6B611658305400E9047C /* LeveledPatchMap.cpp in Sources */,
				7CBD6B6416583B3A00E9047C /* DensityPatchIndex.cpp in Sources */,
				7CBD6B6916584FE200E9047C /* Angler.cpp in Sources */,
				7CBD6B6C16588E5700E9047C /* WordLayer.cpp in Sources */,
				7C10FE8916594762003F656A /* ColorMapAngler.cpp in Sources */,
				7C10FE8F16594BD4003F656A /* PickFromAngler.cpp in Sources */,
				7C10FE9216594C6D003F656A /* MostlyHorizontalAngler.cpp in Sources */,
				7C10FE9516595E38003F656A /* ByWeightSizer.cpp in Sources */,
				7C10FE9B165962EB003F656A /* ColorMapPlacer.cpp in Sources */,
			);
			runOnlyForDeploymentPostprocessing = 0;
		};
		7CF53CDB1646658B00A218BE /* Sources */ = {
			isa = PBXSourcesBuildPhase;
			buildActionMask = 2147483647;
			files = (
				7CF53CEE1646658B00A218BE /* PolarTree_ExperimentTests.mm in Sources */,
			);
			runOnlyForDeploymentPostprocessing = 0;
		};
/* End PBXSourcesBuildPhase section */

/* Begin PBXTargetDependency section */
		7CF53CE51646658B00A218BE /* PBXTargetDependency */ = {
			isa = PBXTargetDependency;
			target = 7CF53CBE1646658B00A218BE /* PolarTree Experiment */;
			targetProxy = 7CF53CE41646658B00A218BE /* PBXContainerItemProxy */;
		};
/* End PBXTargetDependency section */

/* Begin PBXVariantGroup section */
		7CF53CCC1646658B00A218BE /* InfoPlist.strings */ = {
			isa = PBXVariantGroup;
			children = (
				7CF53CCD1646658B00A218BE /* en */,
			);
			name = InfoPlist.strings;
			sourceTree = "<group>";
		};
		7CF53CD21646658B00A218BE /* Credits.rtf */ = {
			isa = PBXVariantGroup;
			children = (
				7CF53CD31646658B00A218BE /* en */,
			);
			name = Credits.rtf;
			sourceTree = "<group>";
		};
		7CF53CD81646658B00A218BE /* MainMenu.xib */ = {
			isa = PBXVariantGroup;
			children = (
				7CF53CD91646658B00A218BE /* en */,
			);
			name = MainMenu.xib;
			sourceTree = "<group>";
		};
		7CF53CE91646658B00A218BE /* InfoPlist.strings */ = {
			isa = PBXVariantGroup;
			children = (
				7CF53CEA1646658B00A218BE /* en */,
			);
			name = InfoPlist.strings;
			sourceTree = "<group>";
		};
/* End PBXVariantGroup section */

/* Begin XCBuildConfiguration section */
		7CF53CEF1646658B00A218BE /* Debug */ = {
			isa = XCBuildConfiguration;
			buildSettings = {
				ALWAYS_SEARCH_USER_PATHS = NO;
				ARCHS = "$(ARCHS_STANDARD_64_BIT)";
				CLANG_CXX_LANGUAGE_STANDARD = "gnu++0x";
				CLANG_CXX_LIBRARY = "libc++";
				CLANG_ENABLE_OBJC_ARC = YES;
				CLANG_WARN_EMPTY_BODY = YES;
				CLANG_WARN__DUPLICATE_METHOD_MATCH = YES;
				COPY_PHASE_STRIP = NO;
				GCC_C_LANGUAGE_STANDARD = gnu99;
				GCC_DYNAMIC_NO_PIC = NO;
				GCC_ENABLE_OBJC_EXCEPTIONS = YES;
				GCC_OPTIMIZATION_LEVEL = 0;
				GCC_PREPROCESSOR_DEFINITIONS = (
					"DEBUG=1",
					"$(inherited)",
				);
				GCC_SYMBOLS_PRIVATE_EXTERN = NO;
				GCC_WARN_64_TO_32_BIT_CONVERSION = YES;
				GCC_WARN_ABOUT_RETURN_TYPE = YES;
				GCC_WARN_UNINITIALIZED_AUTOS = YES;
				GCC_WARN_UNUSED_VARIABLE = YES;
				MACOSX_DEPLOYMENT_TARGET = 10.8;
				ONLY_ACTIVE_ARCH = YES;
				SDKROOT = macosx;
			};
			name = Debug;
		};
		7CF53CF01646658B00A218BE /* Release */ = {
			isa = XCBuildConfiguration;
			buildSettings = {
				ALWAYS_SEARCH_USER_PATHS = NO;
				ARCHS = "$(ARCHS_STANDARD_64_BIT)";
				CLANG_CXX_LANGUAGE_STANDARD = "gnu++0x";
				CLANG_CXX_LIBRARY = "libc++";
				CLANG_ENABLE_OBJC_ARC = YES;
				CLANG_WARN_EMPTY_BODY = YES;
				CLANG_WARN__DUPLICATE_METHOD_MATCH = YES;
				COPY_PHASE_STRIP = YES;
				DEBUG_INFORMATION_FORMAT = "dwarf-with-dsym";
				GCC_C_LANGUAGE_STANDARD = gnu99;
				GCC_ENABLE_OBJC_EXCEPTIONS = YES;
				GCC_WARN_64_TO_32_BIT_CONVERSION = YES;
				GCC_WARN_ABOUT_RETURN_TYPE = YES;
				GCC_WARN_UNINITIALIZED_AUTOS = YES;
				GCC_WARN_UNUSED_VARIABLE = YES;
				MACOSX_DEPLOYMENT_TARGET = 10.8;
				SDKROOT = macosx;
			};
			name = Release;
		};
		7CF53CF21646658B00A218BE /* Debug */ = {
			isa = XCBuildConfiguration;
			buildSettings = {
				COMBINE_HIDPI_IMAGES = YES;
				GCC_PRECOMPILE_PREFIX_HEADER = YES;
				GCC_PREFIX_HEADER = "PolarTree Experiment/PolarTree Experiment-Prefix.pch";
				INFOPLIST_FILE = "PolarTree Experiment/PolarTree Experiment-Info.plist";
				PRODUCT_NAME = "$(TARGET_NAME)";
				WRAPPER_EXTENSION = app;
			};
			name = Debug;
		};
		7CF53CF31646658B00A218BE /* Release */ = {
			isa = XCBuildConfiguration;
			buildSettings = {
				COMBINE_HIDPI_IMAGES = YES;
				GCC_PRECOMPILE_PREFIX_HEADER = YES;
				GCC_PREFIX_HEADER = "PolarTree Experiment/PolarTree Experiment-Prefix.pch";
				INFOPLIST_FILE = "PolarTree Experiment/PolarTree Experiment-Info.plist";
				PRODUCT_NAME = "$(TARGET_NAME)";
				WRAPPER_EXTENSION = app;
			};
			name = Release;
		};
		7CF53CF51646658B00A218BE /* Debug */ = {
			isa = XCBuildConfiguration;
			buildSettings = {
				BUNDLE_LOADER = "$(BUILT_PRODUCTS_DIR)/PolarTree Experiment.app/Contents/MacOS/PolarTree Experiment";
				COMBINE_HIDPI_IMAGES = YES;
				FRAMEWORK_SEARCH_PATHS = "\"$(DEVELOPER_LIBRARY_DIR)/Frameworks\"";
				GCC_PRECOMPILE_PREFIX_HEADER = YES;
				GCC_PREFIX_HEADER = "PolarTree Experiment/PolarTree Experiment-Prefix.pch";
				INFOPLIST_FILE = "PolarTree ExperimentTests/PolarTree ExperimentTests-Info.plist";
				PRODUCT_NAME = "$(TARGET_NAME)";
				TEST_HOST = "$(BUNDLE_LOADER)";
				WRAPPER_EXTENSION = octest;
			};
			name = Debug;
		};
		7CF53CF61646658B00A218BE /* Release */ = {
			isa = XCBuildConfiguration;
			buildSettings = {
				BUNDLE_LOADER = "$(BUILT_PRODUCTS_DIR)/PolarTree Experiment.app/Contents/MacOS/PolarTree Experiment";
				COMBINE_HIDPI_IMAGES = YES;
				FRAMEWORK_SEARCH_PATHS = "\"$(DEVELOPER_LIBRARY_DIR)/Frameworks\"";
				GCC_PRECOMPILE_PREFIX_HEADER = YES;
				GCC_PREFIX_HEADER = "PolarTree Experiment/PolarTree Experiment-Prefix.pch";
				INFOPLIST_FILE = "PolarTree ExperimentTests/PolarTree ExperimentTests-Info.plist";
				PRODUCT_NAME = "$(TARGET_NAME)";
				TEST_HOST = "$(BUNDLE_LOADER)";
				WRAPPER_EXTENSION = octest;
			};
			name = Release;
		};
/* End XCBuildConfiguration section */

/* Begin XCConfigurationList section */
		7CF53CB91646658B00A218BE /* Build configuration list for PBXProject "PolarTree Experiment" */ = {
			isa = XCConfigurationList;
			buildConfigurations = (
				7CF53CEF1646658B00A218BE /* Debug */,
				7CF53CF01646658B00A218BE /* Release */,
			);
			defaultConfigurationIsVisible = 0;
			defaultConfigurationName = Release;
		};
		7CF53CF11646658B00A218BE /* Build configuration list for PBXNativeTarget "PolarTree Experiment" */ = {
			isa = XCConfigurationList;
			buildConfigurations = (
				7CF53CF21646658B00A218BE /* Debug */,
				7CF53CF31646658B00A218BE /* Release */,
			);
			defaultConfigurationIsVisible = 0;
			defaultConfigurationName = Release;
		};
		7CF53CF41646658B00A218BE /* Build configuration list for PBXNativeTarget "PolarTree ExperimentTests" */ = {
			isa = XCConfigurationList;
			buildConfigurations = (
				7CF53CF51646658B00A218BE /* Debug */,
				7CF53CF61646658B00A218BE /* Release */,
			);
			defaultConfigurationIsVisible = 0;
			defaultConfigurationName = Release;
		};
/* End XCConfigurationList section */
	};
	rootObject = 7CF53CB61646658B00A218BE /* Project object */;
}
